
Microsoft Visual Studio Solution File, Format Version 12.00
# Visual Studio Version 17
VisualStudioVersion = 17.0.32112.339
MinimumVisualStudioVersion = 10.0.40219.1
Project("{9A19103F-16F7-4668-BE54-9A1E7A4F7556}") = "FMemory", "FMemory\FMemory.csproj", "{2BBA1502-A4D3-4BD2-BFFC-9ABC2D89EA66}"
EndProject
Project("{9A19103F-16F7-4668-BE54-9A1E7A4F7556}") = "FMemory.Interfaces", "FMemory.Interfaces\FMemory.Interfaces.csproj", "{602230FB-84A1-4BF6-8AF0-2211B6916607}"
EndProject
Project("{FAE04EC0-301F-11D3-BF4B-00C04F79EFBC}") = "FMemory.Tests", "FMemory.Tests\FMemory.Tests.csproj", "{39636F58-1C74-443C-BF27-FC6222D26935}"
EndProject
Global
	GlobalSection(SolutionConfigurationPlatforms) = preSolution
		Debug|Any CPU = Debug|Any CPU
		Release|Any CPU = Release|Any CPU
	EndGlobalSection
	GlobalSection(ProjectConfigurationPlatforms) = postSolution
		{2BBA1502-A4D3-4BD2-BFFC-9ABC2D89EA66}.Debug|Any CPU.ActiveCfg = Debug|Any CPU
		{2BBA1502-A4D3-4BD2-BFFC-9ABC2D89EA66}.Debug|Any CPU.Build.0 = Debug|Any CPU
		{2BBA1502-A4D3-4BD2-BFFC-9ABC2D89EA66}.Release|Any CPU.ActiveCfg = Release|Any CPU
		{2BBA1502-A4D3-4BD2-BFFC-9ABC2D89EA66}.Release|Any CPU.Build.0 = Release|Any CPU
		{602230FB-84A1-4BF6-8AF0-2211B6916607}.Debug|Any CPU.ActiveCfg = Debug|Any CPU
		{602230FB-84A1-4BF6-8AF0-2211B6916607}.Debug|Any CPU.Build.0 = Debug|Any CPU
		{602230FB-84A1-4BF6-8AF0-2211B6916607}.Release|Any CPU.ActiveCfg = Release|Any CPU
		{602230FB-84A1-4BF6-8AF0-2211B6916607}.Release|Any CPU.Build.0 = Release|Any CPU
		{39636F58-1C74-443C-BF27-FC6222D26935}.Debug|Any CPU.ActiveCfg = Debug|Any CPU
		{39636F58-1C74-443C-BF27-FC6222D26935}.Debug|Any CPU.Build.0 = Debug|Any CPU
		{39636F58-1C74-443C-BF27-FC6222D26935}.Release|Any CPU.ActiveCfg = Release|Any CPU
		{39636F58-1C74-443C-BF27-FC6222D26935}.Release|Any CPU.Build.0 = Release|Any CPU
	EndGlobalSection
	GlobalSection(SolutionProperties) = preSolution
		HideSolutionNode = FALSE
	EndGlobalSection
	GlobalSection(ExtensibilityGlobals) = postSolution
		SolutionGuid = {50F9C062-00C9-49CE-9967-C0A9419927A0}
	EndGlobalSection
EndGlobal
