
Microsoft Visual Studio Solution File, Format Version 12.00
# Visual Studio 15
VisualStudioVersion = 15.0.27130.2026
MinimumVisualStudioVersion = 10.0.40219.1
Project("{FAE04EC0-301F-11D3-BF4B-00C04F79EFBC}") = "FMemory", "FMemory\FMemory.csproj", "{A9CBAAC4-F7E5-4D58-A0FA-89615C3B0FBD}"
EndProject
Global
	GlobalSection(SolutionConfigurationPlatforms) = preSolution
		Debug|Any CPU = Debug|Any CPU
		Release|Any CPU = Release|Any CPU
	EndGlobalSection
	GlobalSection(ProjectConfigurationPlatforms) = postSolution
		{A9CBAAC4-F7E5-4D58-A0FA-89615C3B0FBD}.Debug|Any CPU.ActiveCfg = Debug|Any CPU
		{A9CBAAC4-F7E5-4D58-A0FA-89615C3B0FBD}.Debug|Any CPU.Build.0 = Debug|Any CPU
		{A9CBAAC4-F7E5-4D58-A0FA-89615C3B0FBD}.Release|Any CPU.ActiveCfg = Release|Any CPU
		{A9CBAAC4-F7E5-4D58-A0FA-89615C3B0FBD}.Release|Any CPU.Build.0 = Release|Any CPU
	EndGlobalSection
	GlobalSection(SolutionProperties) = preSolution
		HideSolutionNode = FALSE
	EndGlobalSection
	GlobalSection(ExtensibilityGlobals) = postSolution
		SolutionGuid = {2065B819-8006-4F01-9F6F-629FC38F39F8}
	EndGlobalSection
EndGlobal
